
Microsoft Visual Studio Solution File, Format Version 12.00
# Visual Studio Version 16
VisualStudioVersion = 16.0.31112.23
MinimumVisualStudioVersion = 10.0.40219.1
Project("{FAE04EC0-301F-11D3-BF4B-00C04F79EFBC}") = "FlightSimulatorApp", "FlightSimulatorApp\FlightSimulatorApp.csproj", "{26CEC8E6-1BF7-4DC0-A6C2-A705E4CE1C51}"
EndProject
Global
	GlobalSection(SolutionConfigurationPlatforms) = preSolution
		Debug|Any CPU = Debug|Any CPU
		Release|Any CPU = Release|Any CPU
	EndGlobalSection
	GlobalSection(ProjectConfigurationPlatforms) = postSolution
		{26CEC8E6-1BF7-4DC0-A6C2-A705E4CE1C51}.Debug|Any CPU.ActiveCfg = Debug|Any CPU
		{26CEC8E6-1BF7-4DC0-A6C2-A705E4CE1C51}.Debug|Any CPU.Build.0 = Debug|Any CPU
		{26CEC8E6-1BF7-4DC0-A6C2-A705E4CE1C51}.Release|Any CPU.ActiveCfg = Release|Any CPU
		{26CEC8E6-1BF7-4DC0-A6C2-A705E4CE1C51}.Release|Any CPU.Build.0 = Release|Any CPU
	EndGlobalSection
	GlobalSection(SolutionProperties) = preSolution
		HideSolutionNode = FALSE
	EndGlobalSection
	GlobalSection(ExtensibilityGlobals) = postSolution
		SolutionGuid = {9EB373BC-8491-4EEF-84E9-BEA346AAF7B0}
	EndGlobalSection
EndGlobal
